
Microsoft Visual Studio Solution File, Format Version 12.00
# Visual Studio 15
VisualStudioVersion = 15.0.28307.1500
MinimumVisualStudioVersion = 10.0.40219.1
Project("{8BC9CEB8-8B4A-11D0-8D11-00A0C91BC942}") = "yolov8-trt", "yolov8-trt\yolov8-trt.vcxproj", "{08C01AC6-1EEA-4B0D-B371-9D5F506C378A}"
EndProject
Global
	GlobalSection(SolutionConfigurationPlatforms) = preSolution
		Debug|x64 = Debug|x64
		Debug|x86 = Debug|x86
		Release|x64 = Release|x64
		Release|x86 = Release|x86
	EndGlobalSection
	GlobalSection(ProjectConfigurationPlatforms) = postSolution
		{08C01AC6-1EEA-4B0D-B371-9D5F506C378A}.Debug|x64.ActiveCfg = Debug|x64
		{08C01AC6-1EEA-4B0D-B371-9D5F506C378A}.Debug|x64.Build.0 = Debug|x64
		{08C01AC6-1EEA-4B0D-B371-9D5F506C378A}.Debug|x86.ActiveCfg = Debug|Win32
		{08C01AC6-1EEA-4B0D-B371-9D5F506C378A}.Debug|x86.Build.0 = Debug|Win32
		{08C01AC6-1EEA-4B0D-B371-9D5F506C378A}.Release|x64.ActiveCfg = Release|x64
		{08C01AC6-1EEA-4B0D-B371-9D5F506C378A}.Release|x64.Build.0 = Release|x64
		{08C01AC6-1EEA-4B0D-B371-9D5F506C378A}.Release|x86.ActiveCfg = Release|Win32
		{08C01AC6-1EEA-4B0D-B371-9D5F506C378A}.Release|x86.Build.0 = Release|Win32
	EndGlobalSection
	GlobalSection(SolutionProperties) = preSolution
		HideSolutionNode = FALSE
	EndGlobalSection
	GlobalSection(ExtensibilityGlobals) = postSolution
		SolutionGuid = {7C97A532-4C1D-4DE8-BAE3-D397D5B98EED}
	EndGlobalSection
EndGlobal
